
Microsoft Visual Studio Solution File, Format Version 12.00
# Visual Studio Version 17
VisualStudioVersion = 17.11.35222.181
MinimumVisualStudioVersion = 10.0.40219.1
Project("{9A19103F-16F7-4668-BE54-9A1E7A4F7556}") = "ConsigmentStruct", "ConsigmentStruct.csproj", "{338C422C-8FCB-4AA0-8511-DA0A9DCDBE70}"
EndProject
Project("{FAE04EC0-301F-11D3-BF4B-00C04F79EFBC}") = "ConsigmentStruct.UnitTests", "..\ConsigmentStruct.UnitTests\ConsigmentStruct.UnitTests.csproj", "{E0626D5F-5A67-46DC-9D2E-FFFD4D70B114}"
EndProject
Global
	GlobalSection(SolutionConfigurationPlatforms) = preSolution
		Debug|Any CPU = Debug|Any CPU
		Release|Any CPU = Release|Any CPU
	EndGlobalSection
	GlobalSection(ProjectConfigurationPlatforms) = postSolution
		{338C422C-8FCB-4AA0-8511-DA0A9DCDBE70}.Debug|Any CPU.ActiveCfg = Debug|Any CPU
		{338C422C-8FCB-4AA0-8511-DA0A9DCDBE70}.Debug|Any CPU.Build.0 = Debug|Any CPU
		{338C422C-8FCB-4AA0-8511-DA0A9DCDBE70}.Release|Any CPU.ActiveCfg = Release|Any CPU
		{338C422C-8FCB-4AA0-8511-DA0A9DCDBE70}.Release|Any CPU.Build.0 = Release|Any CPU
		{E0626D5F-5A67-46DC-9D2E-FFFD4D70B114}.Debug|Any CPU.ActiveCfg = Debug|Any CPU
		{E0626D5F-5A67-46DC-9D2E-FFFD4D70B114}.Debug|Any CPU.Build.0 = Debug|Any CPU
		{E0626D5F-5A67-46DC-9D2E-FFFD4D70B114}.Release|Any CPU.ActiveCfg = Release|Any CPU
		{E0626D5F-5A67-46DC-9D2E-FFFD4D70B114}.Release|Any CPU.Build.0 = Release|Any CPU
	EndGlobalSection
	GlobalSection(SolutionProperties) = preSolution
		HideSolutionNode = FALSE
	EndGlobalSection
	GlobalSection(ExtensibilityGlobals) = postSolution
		SolutionGuid = {6BC9476C-C3C3-4344-B5DE-988CC2BEB719}
	EndGlobalSection
EndGlobal
